<?xml version="1.0" encoding="utf-8"?>
<Project ToolsVersion="4.0" xmlns="http://schemas.microsoft.com/developer/msbuild/2003">
  <ItemGroup>
    <Filter Include="compression">
      <UniqueIdentifier>{97010C70-03B7-8465-8CAB-7E3CF85F7B69}</UniqueIdentifier>
    </Filter>
    <Filter Include="compression\bzip2">
      <UniqueIdentifier>{4D21B71F-B937-B5B5-02AF-40D76E04863D}</UniqueIdentifier>
    </Filter>
    <Filter Include="compression\deflate">
      <UniqueIdentifier>{1B29C552-878A-A260-10F8-E8127C58D91F}</UniqueIdentifier>
    </Filter>
    <Filter Include="compression\lzma">
      <UniqueIdentifier>{FA657F10-E65E-9E62-0F91-83E7FBE87D6E}</UniqueIdentifier>
    </Filter>
    <Filter Include="compression\lzma\detail">
      <UniqueIdentifier>{7CA07F6F-E8D7-C706-F1E1-2B2A5D98EEFF}</UniqueIdentifier>
    </Filter>
    <Filter Include="compression\store">
      <UniqueIdentifier>{9391E720-FFA7-E5B6-481F-71D8B474B63E}</UniqueIdentifier>
    </Filter>
    <Filter Include="detail">
      <UniqueIdentifier>{18D587F8-0477-B2CE-ED31-C622D972391F}</UniqueIdentifier>
    </Filter>
    <Filter Include="methods">
      <UniqueIdentifier>{798A52BE-E569-D159-EE81-5C305AE037BB}</UniqueIdentifier>
    </Filter>
    <Filter Include="streams">
      <UniqueIdentifier>{E44707AF-5027-864A-593F-1121C59DECAB}</UniqueIdentifier>
    </Filter>
    <Filter Include="streams\streambuffs">
      <UniqueIdentifier>{F57B917D-61DD-6E8B-EA4A-B53D56ABA54A}</UniqueIdentifier>
    </Filter>
    <Filter Include="utils">
      <UniqueIdentifier>{169C8510-82B0-ADC1-4B32-5121B705AAF2}</UniqueIdentifier>
    </Filter>
  </ItemGroup>
  <ItemGroup>
    <ClInclude Include="ZipArchive.h" />
    <ClInclude Include="ZipArchiveEntry.h" />
    <ClInclude Include="ZipFile.h" />
    <ClInclude Include="compression\bzip2\bzip2_decoder.h">
      <Filter>compression\bzip2</Filter>
    </ClInclude>
    <ClInclude Include="compression\bzip2\bzip2_decoder_properties.h">
      <Filter>compression\bzip2</Filter>
    </ClInclude>
    <ClInclude Include="compression\bzip2\bzip2_encoder.h">
      <Filter>compression\bzip2</Filter>
    </ClInclude>
    <ClInclude Include="compression\bzip2\bzip2_encoder_properties.h">
      <Filter>compression\bzip2</Filter>
    </ClInclude>
    <ClInclude Include="compression\compression_interface.h">
      <Filter>compression</Filter>
    </ClInclude>
    <ClInclude Include="compression\deflate\deflate_decoder.h">
      <Filter>compression\deflate</Filter>
    </ClInclude>
    <ClInclude Include="compression\deflate\deflate_decoder_properties.h">
      <Filter>compression\deflate</Filter>
    </ClInclude>
    <ClInclude Include="compression\deflate\deflate_encoder.h">
      <Filter>compression\deflate</Filter>
    </ClInclude>
    <ClInclude Include="compression\deflate\deflate_encoder_properties.h">
      <Filter>compression\deflate</Filter>
    </ClInclude>
    <ClInclude Include="compression\lzma\detail\lzma_alloc.h">
      <Filter>compression\lzma\detail</Filter>
    </ClInclude>
    <ClInclude Include="compression\lzma\detail\lzma_handle.h">
      <Filter>compression\lzma\detail</Filter>
    </ClInclude>
    <ClInclude Include="compression\lzma\detail\lzma_header.h">
      <Filter>compression\lzma\detail</Filter>
    </ClInclude>
    <ClInclude Include="compression\lzma\detail\lzma_in_stream.h">
      <Filter>compression\lzma\detail</Filter>
    </ClInclude>
    <ClInclude Include="compression\lzma\detail\lzma_out_stream.h">
      <Filter>compression\lzma\detail</Filter>
    </ClInclude>
    <ClInclude Include="compression\lzma\lzma_decoder.h">
      <Filter>compression\lzma</Filter>
    </ClInclude>
    <ClInclude Include="compression\lzma\lzma_decoder_properties.h">
      <Filter>compression\lzma</Filter>
    </ClInclude>
    <ClInclude Include="compression\lzma\lzma_encoder.h">
      <Filter>compression\lzma</Filter>
    </ClInclude>
    <ClInclude Include="compression\lzma\lzma_encoder_properties.h">
      <Filter>compression\lzma</Filter>
    </ClInclude>
    <ClInclude Include="compression\store\store_decoder.h">
      <Filter>compression\store</Filter>
    </ClInclude>
    <ClInclude Include="compression\store\store_decoder_properties.h">
      <Filter>compression\store</Filter>
    </ClInclude>
    <ClInclude Include="compression\store\store_encoder.h">
      <Filter>compression\store</Filter>
    </ClInclude>
    <ClInclude Include="compression\store\store_encoder_properties.h">
      <Filter>compression\store</Filter>
    </ClInclude>
    <ClInclude Include="detail\EndOfCentralDirectoryBlock.h">
      <Filter>detail</Filter>
    </ClInclude>
    <ClInclude Include="detail\ZipCentralDirectoryFileHeader.h">
      <Filter>detail</Filter>
    </ClInclude>
    <ClInclude Include="detail\ZipGenericExtraField.h">
      <Filter>detail</Filter>
    </ClInclude>
    <ClInclude Include="detail\ZipLocalFileHeader.h">
      <Filter>detail</Filter>
    </ClInclude>
    <ClInclude Include="methods\Bzip2Method.h">
      <Filter>methods</Filter>
    </ClInclude>
    <ClInclude Include="methods\DeflateMethod.h">
      <Filter>methods</Filter>
    </ClInclude>
    <ClInclude Include="methods\ICompressionMethod.h">
      <Filter>methods</Filter>
    </ClInclude>
    <ClInclude Include="methods\LzmaMethod.h">
      <Filter>methods</Filter>
    </ClInclude>
    <ClInclude Include="methods\StoreMethod.h">
      <Filter>methods</Filter>
    </ClInclude>
    <ClInclude Include="methods\ZipMethodResolver.h">
      <Filter>methods</Filter>
    </ClInclude>
    <ClInclude Include="streams\compression_decoder_stream.h">
      <Filter>streams</Filter>
    </ClInclude>
    <ClInclude Include="streams\compression_encoder_stream.h">
      <Filter>streams</Filter>
    </ClInclude>
    <ClInclude Include="streams\crc32stream.h">
      <Filter>streams</Filter>
    </ClInclude>
    <ClInclude Include="streams\memstream.h">
      <Filter>streams</Filter>
    </ClInclude>
    <ClInclude Include="streams\nullstream.h">
      <Filter>streams</Filter>
    </ClInclude>
    <ClInclude Include="streams\serialization.h">
      <Filter>streams</Filter>
    </ClInclude>
    <ClInclude Include="streams\streambuffs\compression_decoder_streambuf.h">
      <Filter>streams\streambuffs</Filter>
    </ClInclude>
    <ClInclude Include="streams\streambuffs\compression_encoder_streambuf.h">
      <Filter>streams\streambuffs</Filter>
    </ClInclude>
    <ClInclude Include="streams\streambuffs\crc32_streambuf.h">
      <Filter>streams\streambuffs</Filter>
    </ClInclude>
    <ClInclude Include="streams\streambuffs\mem_streambuf.h">
      <Filter>streams\streambuffs</Filter>
    </ClInclude>
    <ClInclude Include="streams\streambuffs\null_streambuf.h">
      <Filter>streams\streambuffs</Filter>
    </ClInclude>
    <ClInclude Include="streams\streambuffs\sub_streambuf.h">
      <Filter>streams\streambuffs</Filter>
    </ClInclude>
    <ClInclude Include="streams\streambuffs\tee_streambuff.h">
      <Filter>streams\streambuffs</Filter>
    </ClInclude>
    <ClInclude Include="streams\streambuffs\zip_crypto_streambuf.h">
      <Filter>streams\streambuffs</Filter>
    </ClInclude>
    <ClInclude Include="streams\substream.h">
      <Filter>streams</Filter>
    </ClInclude>
    <ClInclude Include="streams\teestream.h">
      <Filter>streams</Filter>
    </ClInclude>
    <ClInclude Include="streams\zip_cryptostream.h">
      <Filter>streams</Filter>
    </ClInclude>
    <ClInclude Include="utils\enum_utils.h">
      <Filter>utils</Filter>
    </ClInclude>
    <ClInclude Include="utils\stream_utils.h">
      <Filter>utils</Filter>
    </ClInclude>
    <ClInclude Include="utils\time_utils.h">
      <Filter>utils</Filter>
    </ClInclude>
  </ItemGroup>
  <ItemGroup>
    <ClCompile Include="ZipArchive.cpp" />
    <ClCompile Include="ZipArchiveEntry.cpp" />
    <ClCompile Include="ZipFile.cpp" />
    <ClCompile Include="detail\EndOfCentralDirectoryBlock.cpp">
      <Filter>detail</Filter>
    </ClCompile>
    <ClCompile Include="detail\ZipCentralDirectoryFileHeader.cpp">
      <Filter>detail</Filter>
    </ClCompile>
    <ClCompile Include="detail\ZipGenericExtraField.cpp">
      <Filter>detail</Filter>
    </ClCompile>
    <ClCompile Include="detail\ZipLocalFileHeader.cpp">
      <Filter>detail</Filter>
    </ClCompile>
  </ItemGroup>
</Project>